
Microsoft Visual Studio Solution File, Format Version 12.00
# Visual Studio Version 17
VisualStudioVersion = 17.5.33516.290
MinimumVisualStudioVersion = 10.0.40219.1
Project("{FAE04EC0-301F-11D3-BF4B-00C04F79EFBC}") = "Collectionrepeat", "Collectionrepeat\Collectionrepeat.csproj", "{0F8A0648-F945-462A-AC92-4AA46D9855E7}"
EndProject
Global
	GlobalSection(SolutionConfigurationPlatforms) = preSolution
		Debug|Any CPU = Debug|Any CPU
		Release|Any CPU = Release|Any CPU
	EndGlobalSection
	GlobalSection(ProjectConfigurationPlatforms) = postSolution
		{0F8A0648-F945-462A-AC92-4AA46D9855E7}.Debug|Any CPU.ActiveCfg = Debug|Any CPU
		{0F8A0648-F945-462A-AC92-4AA46D9855E7}.Debug|Any CPU.Build.0 = Debug|Any CPU
		{0F8A0648-F945-462A-AC92-4AA46D9855E7}.Release|Any CPU.ActiveCfg = Release|Any CPU
		{0F8A0648-F945-462A-AC92-4AA46D9855E7}.Release|Any CPU.Build.0 = Release|Any CPU
	EndGlobalSection
	GlobalSection(SolutionProperties) = preSolution
		HideSolutionNode = FALSE
	EndGlobalSection
	GlobalSection(ExtensibilityGlobals) = postSolution
		SolutionGuid = {8B5FE820-7464-4082-A7AA-FD2E53E10ED8}
	EndGlobalSection
EndGlobal
